
Microsoft Visual Studio Solution File, Format Version 12.00
# Visual Studio Version 16
VisualStudioVersion = 16.0.30204.135
MinimumVisualStudioVersion = 10.0.40219.1
Project("{FAE04EC0-301F-11D3-BF4B-00C04F79EFBC}") = "class200", "class200\class200.csproj", "{6CA6D524-BCBB-494D-AC16-3FB5C0FDF0AC}"
EndProject
Global
	GlobalSection(SolutionConfigurationPlatforms) = preSolution
		Debug|Any CPU = Debug|Any CPU
		Release|Any CPU = Release|Any CPU
	EndGlobalSection
	GlobalSection(ProjectConfigurationPlatforms) = postSolution
		{6CA6D524-BCBB-494D-AC16-3FB5C0FDF0AC}.Debug|Any CPU.ActiveCfg = Debug|Any CPU
		{6CA6D524-BCBB-494D-AC16-3FB5C0FDF0AC}.Debug|Any CPU.Build.0 = Debug|Any CPU
		{6CA6D524-BCBB-494D-AC16-3FB5C0FDF0AC}.Release|Any CPU.ActiveCfg = Release|Any CPU
		{6CA6D524-BCBB-494D-AC16-3FB5C0FDF0AC}.Release|Any CPU.Build.0 = Release|Any CPU
	EndGlobalSection
	GlobalSection(SolutionProperties) = preSolution
		HideSolutionNode = FALSE
	EndGlobalSection
	GlobalSection(ExtensibilityGlobals) = postSolution
		SolutionGuid = {DD6AF2F2-D521-4DB3-A342-2ADE9F3F71A5}
	EndGlobalSection
EndGlobal
