
Microsoft Visual Studio Solution File, Format Version 12.00
# Visual Studio Version 16
VisualStudioVersion = 16.0.30204.135
MinimumVisualStudioVersion = 10.0.40219.1
Project("{FAE04EC0-301F-11D3-BF4B-00C04F79EFBC}") = "HelloWorld", "HelloWorld\HelloWorld.csproj", "{9B93B716-40BD-4B30-9DE9-5825D60C8E29}"
EndProject
Global
	GlobalSection(SolutionConfigurationPlatforms) = preSolution
		Debug|Any CPU = Debug|Any CPU
		Release|Any CPU = Release|Any CPU
	EndGlobalSection
	GlobalSection(ProjectConfigurationPlatforms) = postSolution
		{9B93B716-40BD-4B30-9DE9-5825D60C8E29}.Debug|Any CPU.ActiveCfg = Debug|Any CPU
		{9B93B716-40BD-4B30-9DE9-5825D60C8E29}.Debug|Any CPU.Build.0 = Debug|Any CPU
		{9B93B716-40BD-4B30-9DE9-5825D60C8E29}.Release|Any CPU.ActiveCfg = Release|Any CPU
		{9B93B716-40BD-4B30-9DE9-5825D60C8E29}.Release|Any CPU.Build.0 = Release|Any CPU
	EndGlobalSection
	GlobalSection(SolutionProperties) = preSolution
		HideSolutionNode = FALSE
	EndGlobalSection
	GlobalSection(ExtensibilityGlobals) = postSolution
		SolutionGuid = {3061F08A-D5D2-4FDB-B536-8B0CE7209676}
	EndGlobalSection
EndGlobal
