
Microsoft Visual Studio Solution File, Format Version 12.00
# Visual Studio Version 16
VisualStudioVersion = 16.0.30204.135
MinimumVisualStudioVersion = 10.0.40219.1
Project("{FAE04EC0-301F-11D3-BF4B-00C04F79EFBC}") = "we're accoutning on you!", "we're accoutning on you!\we're accoutning on you!.csproj", "{826A1126-69FB-4B53-9A87-5BCAC170B5AA}"
EndProject
Global
	GlobalSection(SolutionConfigurationPlatforms) = preSolution
		Debug|Any CPU = Debug|Any CPU
		Release|Any CPU = Release|Any CPU
	EndGlobalSection
	GlobalSection(ProjectConfigurationPlatforms) = postSolution
		{826A1126-69FB-4B53-9A87-5BCAC170B5AA}.Debug|Any CPU.ActiveCfg = Debug|Any CPU
		{826A1126-69FB-4B53-9A87-5BCAC170B5AA}.Debug|Any CPU.Build.0 = Debug|Any CPU
		{826A1126-69FB-4B53-9A87-5BCAC170B5AA}.Release|Any CPU.ActiveCfg = Release|Any CPU
		{826A1126-69FB-4B53-9A87-5BCAC170B5AA}.Release|Any CPU.Build.0 = Release|Any CPU
	EndGlobalSection
	GlobalSection(SolutionProperties) = preSolution
		HideSolutionNode = FALSE
	EndGlobalSection
	GlobalSection(ExtensibilityGlobals) = postSolution
		SolutionGuid = {4793938F-61BC-46F1-BDFC-DB9D37728288}
	EndGlobalSection
EndGlobal
