
Microsoft Visual Studio Solution File, Format Version 12.00
# Visual Studio Version 16
VisualStudioVersion = 16.0.30204.135
MinimumVisualStudioVersion = 10.0.40219.1
Project("{FAE04EC0-301F-11D3-BF4B-00C04F79EFBC}") = "class190", "class190\class190.csproj", "{5F6CD601-772C-4D8C-8101-D4ADAED2428B}"
EndProject
Global
	GlobalSection(SolutionConfigurationPlatforms) = preSolution
		Debug|Any CPU = Debug|Any CPU
		Release|Any CPU = Release|Any CPU
	EndGlobalSection
	GlobalSection(ProjectConfigurationPlatforms) = postSolution
		{5F6CD601-772C-4D8C-8101-D4ADAED2428B}.Debug|Any CPU.ActiveCfg = Debug|Any CPU
		{5F6CD601-772C-4D8C-8101-D4ADAED2428B}.Debug|Any CPU.Build.0 = Debug|Any CPU
		{5F6CD601-772C-4D8C-8101-D4ADAED2428B}.Release|Any CPU.ActiveCfg = Release|Any CPU
		{5F6CD601-772C-4D8C-8101-D4ADAED2428B}.Release|Any CPU.Build.0 = Release|Any CPU
	EndGlobalSection
	GlobalSection(SolutionProperties) = preSolution
		HideSolutionNode = FALSE
	EndGlobalSection
	GlobalSection(ExtensibilityGlobals) = postSolution
		SolutionGuid = {F7C11D70-457E-4133-9227-EC5801A13181}
	EndGlobalSection
EndGlobal
