
Microsoft Visual Studio Solution File, Format Version 12.00
# Visual Studio Version 16
VisualStudioVersion = 16.0.30204.135
MinimumVisualStudioVersion = 10.0.40219.1
Project("{FAE04EC0-301F-11D3-BF4B-00C04F79EFBC}") = "ArrayAssignment", "ArrayAssignment\ArrayAssignment.csproj", "{021F16DB-1BA8-44D4-B96E-2E6638B66BA1}"
EndProject
Global
	GlobalSection(SolutionConfigurationPlatforms) = preSolution
		Debug|Any CPU = Debug|Any CPU
		Release|Any CPU = Release|Any CPU
	EndGlobalSection
	GlobalSection(ProjectConfigurationPlatforms) = postSolution
		{021F16DB-1BA8-44D4-B96E-2E6638B66BA1}.Debug|Any CPU.ActiveCfg = Debug|Any CPU
		{021F16DB-1BA8-44D4-B96E-2E6638B66BA1}.Debug|Any CPU.Build.0 = Debug|Any CPU
		{021F16DB-1BA8-44D4-B96E-2E6638B66BA1}.Release|Any CPU.ActiveCfg = Release|Any CPU
		{021F16DB-1BA8-44D4-B96E-2E6638B66BA1}.Release|Any CPU.Build.0 = Release|Any CPU
	EndGlobalSection
	GlobalSection(SolutionProperties) = preSolution
		HideSolutionNode = FALSE
	EndGlobalSection
	GlobalSection(ExtensibilityGlobals) = postSolution
		SolutionGuid = {CDAAD677-5250-4DE9-9120-393903199D09}
	EndGlobalSection
EndGlobal
