
Microsoft Visual Studio Solution File, Format Version 12.00
# Visual Studio Version 16
VisualStudioVersion = 16.0.30204.135
MinimumVisualStudioVersion = 10.0.40219.1
Project("{FAE04EC0-301F-11D3-BF4B-00C04F79EFBC}") = "ExceptionHandling", "ExceptionHandling\ExceptionHandling.csproj", "{FA3BD95B-68A9-4B2B-A860-034934755B77}"
EndProject
Global
	GlobalSection(SolutionConfigurationPlatforms) = preSolution
		Debug|Any CPU = Debug|Any CPU
		Release|Any CPU = Release|Any CPU
	EndGlobalSection
	GlobalSection(ProjectConfigurationPlatforms) = postSolution
		{FA3BD95B-68A9-4B2B-A860-034934755B77}.Debug|Any CPU.ActiveCfg = Debug|Any CPU
		{FA3BD95B-68A9-4B2B-A860-034934755B77}.Debug|Any CPU.Build.0 = Debug|Any CPU
		{FA3BD95B-68A9-4B2B-A860-034934755B77}.Release|Any CPU.ActiveCfg = Release|Any CPU
		{FA3BD95B-68A9-4B2B-A860-034934755B77}.Release|Any CPU.Build.0 = Release|Any CPU
	EndGlobalSection
	GlobalSection(SolutionProperties) = preSolution
		HideSolutionNode = FALSE
	EndGlobalSection
	GlobalSection(ExtensibilityGlobals) = postSolution
		SolutionGuid = {AC138AB3-32A5-49AC-92D2-9CB5F44B5E17}
	EndGlobalSection
EndGlobal
