
Microsoft Visual Studio Solution File, Format Version 12.00
# Visual Studio Version 16
VisualStudioVersion = 16.0.30204.135
MinimumVisualStudioVersion = 10.0.40219.1
Project("{FAE04EC0-301F-11D3-BF4B-00C04F79EFBC}") = "branching assignment", "branching assignment\branching assignment.csproj", "{0BB47DC2-9788-4520-A664-4C077E180143}"
EndProject
Global
	GlobalSection(SolutionConfigurationPlatforms) = preSolution
		Debug|Any CPU = Debug|Any CPU
		Release|Any CPU = Release|Any CPU
	EndGlobalSection
	GlobalSection(ProjectConfigurationPlatforms) = postSolution
		{0BB47DC2-9788-4520-A664-4C077E180143}.Debug|Any CPU.ActiveCfg = Debug|Any CPU
		{0BB47DC2-9788-4520-A664-4C077E180143}.Debug|Any CPU.Build.0 = Debug|Any CPU
		{0BB47DC2-9788-4520-A664-4C077E180143}.Release|Any CPU.ActiveCfg = Release|Any CPU
		{0BB47DC2-9788-4520-A664-4C077E180143}.Release|Any CPU.Build.0 = Release|Any CPU
	EndGlobalSection
	GlobalSection(SolutionProperties) = preSolution
		HideSolutionNode = FALSE
	EndGlobalSection
	GlobalSection(ExtensibilityGlobals) = postSolution
		SolutionGuid = {CAF292C9-CF8D-4E30-AA71-38EBAA21D6D3}
	EndGlobalSection
EndGlobal
